
Microsoft Visual Studio Solution File, Format Version 12.00
# Visual Studio Version 17
VisualStudioVersion = 17.11.35431.28
MinimumVisualStudioVersion = 10.0.40219.1
Project("{9A19103F-16F7-4668-BE54-9A1E7A4F7556}") = "Testerzy.Trainings.CSharp.Selenium.Demobank", "Testerzy.Trainings.CSharp.Selenium.Tests\Testerzy.Trainings.CSharp.Selenium.Demobank.csproj", "{1C4409F2-D6FD-4F1E-8B38-8FBB155E31A0}"
EndProject
Project("{9A19103F-16F7-4668-BE54-9A1E7A4F7556}") = "Testerzy.Trainings.CSharp.Selenium.Configuration", "Testerzy.Trainings.CSharp.Selenium.Configuration\Testerzy.Trainings.CSharp.Selenium.Configuration.csproj", "{64E0FCF5-A7F4-458D-8B0C-EA8711D227D8}"
EndProject
Global
	GlobalSection(SolutionConfigurationPlatforms) = preSolution
		Debug|Any CPU = Debug|Any CPU
		Release|Any CPU = Release|Any CPU
	EndGlobalSection
	GlobalSection(ProjectConfigurationPlatforms) = postSolution
		{1C4409F2-D6FD-4F1E-8B38-8FBB155E31A0}.Debug|Any CPU.ActiveCfg = Debug|Any CPU
		{1C4409F2-D6FD-4F1E-8B38-8FBB155E31A0}.Debug|Any CPU.Build.0 = Debug|Any CPU
		{1C4409F2-D6FD-4F1E-8B38-8FBB155E31A0}.Release|Any CPU.ActiveCfg = Release|Any CPU
		{1C4409F2-D6FD-4F1E-8B38-8FBB155E31A0}.Release|Any CPU.Build.0 = Release|Any CPU
		{64E0FCF5-A7F4-458D-8B0C-EA8711D227D8}.Debug|Any CPU.ActiveCfg = Debug|Any CPU
		{64E0FCF5-A7F4-458D-8B0C-EA8711D227D8}.Debug|Any CPU.Build.0 = Debug|Any CPU
		{64E0FCF5-A7F4-458D-8B0C-EA8711D227D8}.Release|Any CPU.ActiveCfg = Release|Any CPU
		{64E0FCF5-A7F4-458D-8B0C-EA8711D227D8}.Release|Any CPU.Build.0 = Release|Any CPU
	EndGlobalSection
	GlobalSection(SolutionProperties) = preSolution
		HideSolutionNode = FALSE
	EndGlobalSection
	GlobalSection(ExtensibilityGlobals) = postSolution
		SolutionGuid = {50F9CBD3-D833-4092-BA2B-3D75D09715A8}
	EndGlobalSection
EndGlobal
